{
  "originHash" : "ff8d468629dc69a41559f246280cb4ed2021adc6bdae3dc3594440a6370ed953",
  "pins" : [
    {
      "identity" : "jpeg",
      "kind" : "remoteSourceControl",
      "location" : "https://github.com/stackotter/jpeg",
      "state" : {
        "revision" : "a27e47f49479993b2541bc5f5c95d9354ed567a0",
        "version" : "1.0.2"
      }
    },
    {
      "identity" : "libpng",
      "kind" : "remoteSourceControl",
      "location" : "https://github.com/the-swift-collective/libpng",
      "state" : {
        "revision" : "0eff23aca92a086b7892831f5cb4f58e15be9449",
        "version" : "1.6.45"
      }
    },
    {
      "identity" : "libwebp",
      "kind" : "remoteSourceControl",
      "location" : "https://github.com/the-swift-collective/libwebp",
      "state" : {
        "revision" : "5f745a17b9a5c2a4283f17c2cde4517610ab5f99",
        "version" : "1.4.1"
      }
    },
    {
      "identity" : "swift-cwinrt",
      "kind" : "remoteSourceControl",
      "location" : "https://github.com/moreSwift/swift-cwinrt",
      "state" : {
        "revision" : "f0900d61c863ced3a230d757d5dbda7de7043deb",
        "version" : "0.1.1"
      }
    },
    {
      "identity" : "swift-image-formats",
      "kind" : "remoteSourceControl",
      "location" : "https://github.com/stackotter/swift-image-formats",
      "state" : {
        "revision" : "d735e0ed3d4a4aed50f4042494e7c769b5b70229",
        "version" : "0.5.0"
      }
    },
    {
      "identity" : "swift-log",
      "kind" : "remoteSourceControl",
      "location" : "https://github.com/apple/swift-log",
      "state" : {
        "revision" : "ce592ae52f982c847a4efc0dd881cc9eb32d29f2",
        "version" : "1.6.4"
      }
    },
    {
      "identity" : "swift-macro-toolkit",
      "kind" : "remoteSourceControl",
      "location" : "https://github.com/stackotter/swift-macro-toolkit",
      "state" : {
        "revision" : "d6ed555bb83c9f21a292e9769952e8f52610a6e2",
        "version" : "0.9.0"
      }
    },
    {
      "identity" : "swift-mutex",
      "kind" : "remoteSourceControl",
      "location" : "https://github.com/swhitty/swift-mutex",
      "state" : {
        "revision" : "1770152df756b54c28ef1787df1e957d93cc62d5",
        "version" : "0.0.6"
      }
    },
    {
      "identity" : "swift-nio",
      "kind" : "remoteSourceControl",
      "location" : "https://github.com/apple/swift-nio.git",
      "state" : {
        "revision" : "e932d3c4d8f77433c8f7093b5ebcbf91463948a0",
        "version" : "2.95.0"
      }
    },
    {
      "identity" : "swift-overture",
      "kind" : "remoteSourceControl",
      "location" : "https://github.com/pointfreeco/swift-overture",
      "state" : {
        "revision" : "7977acd7597f413717058acc1e080731249a1d7e",
        "version" : "0.5.0"
      }
    },
    {
      "identity" : "swift-parsing",
      "kind" : "remoteSourceControl",
      "location" : "https://github.com/pointfreeco/swift-parsing",
      "state" : {
        "revision" : "3432cb81164dd3d69a75d0d63205be5fbae2c34b",
        "version" : "0.14.1"
      }
    },
    {
      "identity" : "swift-perception",
      "kind" : "remoteSourceControl",
      "location" : "https://github.com/pointfreeco/swift-perception.git",
      "state" : {
        "revision" : "25ac73741c3436605d61eceb5207e896973918e7",
        "version" : "2.0.10"
      }
    },
    {
      "identity" : "swift-syntax",
      "kind" : "remoteSourceControl",
      "location" : "https://github.com/swiftlang/swift-syntax",
      "state" : {
        "revision" : "9de99a78f099e59caf2b2beec65a4c45d54b2081",
        "version" : "603.0.1"
      }
    },
    {
      "identity" : "swift-uwp",
      "kind" : "remoteSourceControl",
      "location" : "https://github.com/moreSwift/swift-uwp",
      "state" : {
        "revision" : "a0a86467514eaa63272eae848c70d49e6874ede4",
        "version" : "0.1.0"
      }
    },
    {
      "identity" : "swift-webview2core",
      "kind" : "remoteSourceControl",
      "location" : "https://github.com/moreSwift/swift-webview2core",
      "state" : {
        "revision" : "a8ed52a57f6d81ee06c8db692f8ee0431174379a",
        "version" : "0.1.0"
      }
    },
    {
      "identity" : "swift-windowsappsdk",
      "kind" : "remoteSourceControl",
      "location" : "https://github.com/moreSwift/swift-windowsappsdk",
      "state" : {
        "revision" : "3c06cb36da9711e24a76c35861e0b97702448015",
        "version" : "0.1.1"
      }
    },
    {
      "identity" : "swift-windowsfoundation",
      "kind" : "remoteSourceControl",
      "location" : "https://github.com/moreSwift/swift-windowsfoundation",
      "state" : {
        "revision" : "94d56a5aea472672bc5d041c091f6cdf72e3cc44",
        "version" : "0.1.0"
      }
    },
    {
      "identity" : "swift-winui",
      "kind" : "remoteSourceControl",
      "location" : "https://github.com/moreSwift/swift-winui",
      "state" : {
        "revision" : "73d5d19c39c523c92355027dd13aee445fc627a7",
        "version" : "0.1.1"
      }
    },
    {
      "identity" : "zlib",
      "kind" : "remoteSourceControl",
      "location" : "https://github.com/the-swift-collective/zlib.git",
      "state" : {
        "revision" : "f1d153b90420f9fcc6ef916cd67ea96f0e68d137",
        "version" : "1.3.2"
      }
    }
  ],
  "version" : 3
}
